
Microsoft Visual Studio Solution File, Format Version 12.00
# Visual Studio 15
VisualStudioVersion = 15.0.28307.421
MinimumVisualStudioVersion = 10.0.40219.1
Project("{FAE04EC0-301F-11D3-BF4B-00C04F79EFBC}") = "lexanalys", "lexanalys\lexanalys.csproj", "{590FDF56-52D9-4FB6-B2B4-89A4372DEBF0}"
EndProject
Project("{FAE04EC0-301F-11D3-BF4B-00C04F79EFBC}") = "Lex", "Lex\Lex.csproj", "{F421398B-A29E-4568-88E1-A53F3D1CF7B3}"
EndProject
Project("{FAE04EC0-301F-11D3-BF4B-00C04F79EFBC}") = "SyntaxParser", "SyntaxParser\SyntaxParser.csproj", "{886CE994-03CB-4BEF-A2F5-2DB396AD8FE8}"
EndProject
Global
	GlobalSection(SolutionConfigurationPlatforms) = preSolution
		Debug|Any CPU = Debug|Any CPU
		Release|Any CPU = Release|Any CPU
	EndGlobalSection
	GlobalSection(ProjectConfigurationPlatforms) = postSolution
		{590FDF56-52D9-4FB6-B2B4-89A4372DEBF0}.Debug|Any CPU.ActiveCfg = Debug|Any CPU
		{590FDF56-52D9-4FB6-B2B4-89A4372DEBF0}.Debug|Any CPU.Build.0 = Debug|Any CPU
		{590FDF56-52D9-4FB6-B2B4-89A4372DEBF0}.Release|Any CPU.ActiveCfg = Release|Any CPU
		{590FDF56-52D9-4FB6-B2B4-89A4372DEBF0}.Release|Any CPU.Build.0 = Release|Any CPU
		{F421398B-A29E-4568-88E1-A53F3D1CF7B3}.Debug|Any CPU.ActiveCfg = Debug|Any CPU
		{F421398B-A29E-4568-88E1-A53F3D1CF7B3}.Debug|Any CPU.Build.0 = Debug|Any CPU
		{F421398B-A29E-4568-88E1-A53F3D1CF7B3}.Release|Any CPU.ActiveCfg = Release|Any CPU
		{F421398B-A29E-4568-88E1-A53F3D1CF7B3}.Release|Any CPU.Build.0 = Release|Any CPU
		{886CE994-03CB-4BEF-A2F5-2DB396AD8FE8}.Debug|Any CPU.ActiveCfg = Debug|Any CPU
		{886CE994-03CB-4BEF-A2F5-2DB396AD8FE8}.Debug|Any CPU.Build.0 = Debug|Any CPU
		{886CE994-03CB-4BEF-A2F5-2DB396AD8FE8}.Release|Any CPU.ActiveCfg = Release|Any CPU
		{886CE994-03CB-4BEF-A2F5-2DB396AD8FE8}.Release|Any CPU.Build.0 = Release|Any CPU
	EndGlobalSection
	GlobalSection(SolutionProperties) = preSolution
		HideSolutionNode = FALSE
	EndGlobalSection
	GlobalSection(ExtensibilityGlobals) = postSolution
		SolutionGuid = {9BAB174E-9137-41E7-9906-1E7E5622ADCA}
	EndGlobalSection
EndGlobal
